
Microsoft Visual Studio Solution File, Format Version 12.00
# Visual Studio Version 16
VisualStudioVersion = 16.0.30907.101
MinimumVisualStudioVersion = 10.0.40219.1
Project("{FAE04EC0-301F-11D3-BF4B-00C04F79EFBC}") = "Formula1History", "Formula1History\Formula1History.csproj", "{92EA6EBB-7521-4781-B17D-5B19D89BCD7C}"
EndProject
Project("{FAE04EC0-301F-11D3-BF4B-00C04F79EFBC}") = "BLL", "BLL\BLL.csproj", "{A88DE379-D4DB-46B1-93BA-5C575E8743FD}"
EndProject
Project("{FAE04EC0-301F-11D3-BF4B-00C04F79EFBC}") = "DAL", "DAL\DAL.csproj", "{4F893E9D-74DE-4BAD-AE22-F058C207308D}"
EndProject
Global
	GlobalSection(SolutionConfigurationPlatforms) = preSolution
		Debug|Any CPU = Debug|Any CPU
		Release|Any CPU = Release|Any CPU
	EndGlobalSection
	GlobalSection(ProjectConfigurationPlatforms) = postSolution
		{92EA6EBB-7521-4781-B17D-5B19D89BCD7C}.Debug|Any CPU.ActiveCfg = Debug|Any CPU
		{92EA6EBB-7521-4781-B17D-5B19D89BCD7C}.Debug|Any CPU.Build.0 = Debug|Any CPU
		{92EA6EBB-7521-4781-B17D-5B19D89BCD7C}.Release|Any CPU.ActiveCfg = Release|Any CPU
		{92EA6EBB-7521-4781-B17D-5B19D89BCD7C}.Release|Any CPU.Build.0 = Release|Any CPU
		{A88DE379-D4DB-46B1-93BA-5C575E8743FD}.Debug|Any CPU.ActiveCfg = Debug|Any CPU
		{A88DE379-D4DB-46B1-93BA-5C575E8743FD}.Debug|Any CPU.Build.0 = Debug|Any CPU
		{A88DE379-D4DB-46B1-93BA-5C575E8743FD}.Release|Any CPU.ActiveCfg = Release|Any CPU
		{A88DE379-D4DB-46B1-93BA-5C575E8743FD}.Release|Any CPU.Build.0 = Release|Any CPU
		{4F893E9D-74DE-4BAD-AE22-F058C207308D}.Debug|Any CPU.ActiveCfg = Debug|Any CPU
		{4F893E9D-74DE-4BAD-AE22-F058C207308D}.Debug|Any CPU.Build.0 = Debug|Any CPU
		{4F893E9D-74DE-4BAD-AE22-F058C207308D}.Release|Any CPU.ActiveCfg = Release|Any CPU
		{4F893E9D-74DE-4BAD-AE22-F058C207308D}.Release|Any CPU.Build.0 = Release|Any CPU
	EndGlobalSection
	GlobalSection(SolutionProperties) = preSolution
		HideSolutionNode = FALSE
	EndGlobalSection
	GlobalSection(ExtensibilityGlobals) = postSolution
		SolutionGuid = {BC140669-1C4D-4596-A813-B017AE66A92C}
	EndGlobalSection
EndGlobal
